{
    "_meta": {
        "hash": {
            "sha256": "48c657eef36c260edf92bb14f1942b90976a8409bd31306fe263f0b5df006909"
        },
        "host-environment-markers": {
            "implementation_name": "cpython",
            "implementation_version": "0",
            "os_name": "nt",
            "platform_machine": "AMD64",
            "platform_python_implementation": "CPython",
            "platform_release": "10",
            "platform_system": "Windows",
            "platform_version": "10.0.16299",
            "python_full_version": "2.7.13",
            "python_version": "2.7",
            "sys_platform": "win32"
        },
        "pipfile-spec": 6,
        "requires": {},
        "sources": [
            {
                "name": "pypi",
                "url": "https://pypi.python.org/simple",
                "verify_ssl": true
            }
        ]
    },
    "default": {
        "mouse": {
            "hashes": [
                "sha256:448ec56ee5729e7c315bec1dccc72becf53fae0464c4757991e3846841018de3",
                "sha256:b833411f0e3aa3083ef0176effb9afe8dae5e33d09ae151208f12f39d1a283a2"
            ],
            "version": "==0.7.0"
        }
    },
    "develop": {}
}
